// !$*UTF8*$!
{
	archiveVersion = 1;
	classes = {
	};
	objectVersion = 46;
	objects = {

/* Begin PBXBuildFile section */
		372DA1491F22DF200080DB4F /* AppDelegate.swift in Sources */ = {isa = PBXBuildFile; fileRef = 372DA1481F22DF200080DB4F /* AppDelegate.swift */; };
		372DA14E1F22DF200080DB4F /* Main.storyboard in Resources */ = {isa = PBXBuildFile; fileRef = 372DA14C1F22DF200080DB4F /* Main.storyboard */; };
		372DA1501F22DF200080DB4F /* Assets.xcassets in Resources */ = {isa = PBXBuildFile; fileRef = 372DA14F1F22DF200080DB4F /* Assets.xcassets */; };
		372DA1531F22DF200080DB4F /* LaunchScreen.storyboard in Resources */ = {isa = PBXBuildFile; fileRef = 372DA1511F22DF200080DB4F /* LaunchScreen.storyboard */; };
		372DA15E1F22E1A00080DB4F /* field_observations.json in Resources */ = {isa = PBXBuildFile; fileRef = 372DA15D1F22E1A00080DB4F /* field_observations.json */; };
		372DA1601F22E2180080DB4F /* Classification.swift in Sources */ = {isa = PBXBuildFile; fileRef = 372DA15F1F22E2180080DB4F /* Classification.swift */; };
		372DA1621F22E39A0080DB4F /* FieldSurvey.swift in Sources */ = {isa = PBXBuildFile; fileRef = 372DA1611F22E39A0080DB4F /* FieldSurvey.swift */; };
		372DA1641F22E5720080DB4F /* FieldSurveyJSONParser.swift in Sources */ = {isa = PBXBuildFile; fileRef = 372DA1631F22E5720080DB4F /* FieldSurveyJSONParser.swift */; };
		372DA1661F22E8F80080DB4F /* FieldSurveyJSONLoader.swift in Sources */ = {isa = PBXBuildFile; fileRef = 372DA1651F22E8F80080DB4F /* FieldSurveyJSONLoader.swift */; };
		375B9C0A1F22EBB500230FF7 /* FieldSurveyViewController.swift in Sources */ = {isa = PBXBuildFile; fileRef = 375B9C091F22EBB500230FF7 /* FieldSurveyViewController.swift */; };
		375B9C0C1F22EBF400230FF7 /* FieldSurveyDetailViewController.swift in Sources */ = {isa = PBXBuildFile; fileRef = 375B9C0B1F22EBF400230FF7 /* FieldSurveyDetailViewController.swift */; };
		375B9C0E1F22F4C000230FF7 /* FieldSurveyTableViewCell.swift in Sources */ = {isa = PBXBuildFile; fileRef = 375B9C0D1F22F4C000230FF7 /* FieldSurveyTableViewCell.swift */; };
/* End PBXBuildFile section */

/* Begin PBXFileReference section */
		372DA1451F22DF200080DB4F /* Field Survey.app */ = {isa = PBXFileReference; explicitFileType = wrapper.application; includeInIndex = 0; path = "Field Survey.app"; sourceTree = BUILT_PRODUCTS_DIR; };
		372DA1481F22DF200080DB4F /* AppDelegate.swift */ = {isa = PBXFileReference; lastKnownFileType = sourcecode.swift; path = AppDelegate.swift; sourceTree = "<group>"; };
		372DA14D1F22DF200080DB4F /* Base */ = {isa = PBXFileReference; lastKnownFileType = file.storyboard; name = Base; path = Base.lproj/Main.storyboard; sourceTree = "<group>"; };
		372DA14F1F22DF200080DB4F /* Assets.xcassets */ = {isa = PBXFileReference; lastKnownFileType = folder.assetcatalog; path = Assets.xcassets; sourceTree = "<group>"; };
		372DA1521F22DF200080DB4F /* Base */ = {isa = PBXFileReference; lastKnownFileType = file.storyboard; name = Base; path = Base.lproj/LaunchScreen.storyboard; sourceTree = "<group>"; };
		372DA1541F22DF200080DB4F /* Info.plist */ = {isa = PBXFileReference; lastKnownFileType = text.plist.xml; path = Info.plist; sourceTree = "<group>"; };
		372DA15D1F22E1A00080DB4F /* field_observations.json */ = {isa = PBXFileReference; fileEncoding = 4; lastKnownFileType = text.json; path = field_observations.json; sourceTree = "<group>"; };
		372DA15F1F22E2180080DB4F /* Classification.swift */ = {isa = PBXFileReference; fileEncoding = 4; lastKnownFileType = sourcecode.swift; path = Classification.swift; sourceTree = "<group>"; };
		372DA1611F22E39A0080DB4F /* FieldSurvey.swift */ = {isa = PBXFileReference; fileEncoding = 4; lastKnownFileType = sourcecode.swift; path = FieldSurvey.swift; sourceTree = "<group>"; };
		372DA1631F22E5720080DB4F /* FieldSurveyJSONParser.swift */ = {isa = PBXFileReference; fileEncoding = 4; lastKnownFileType = sourcecode.swift; path = FieldSurveyJSONParser.swift; sourceTree = "<group>"; };
		372DA1651F22E8F80080DB4F /* FieldSurveyJSONLoader.swift */ = {isa = PBXFileReference; fileEncoding = 4; lastKnownFileType = sourcecode.swift; path = FieldSurveyJSONLoader.swift; sourceTree = "<group>"; };
		375B9C091F22EBB500230FF7 /* FieldSurveyViewController.swift */ = {isa = PBXFileReference; fileEncoding = 4; lastKnownFileType = sourcecode.swift; path = FieldSurveyViewController.swift; sourceTree = "<group>"; };
		375B9C0B1F22EBF400230FF7 /* FieldSurveyDetailViewController.swift */ = {isa = PBXFileReference; fileEncoding = 4; lastKnownFileType = sourcecode.swift; path = FieldSurveyDetailViewController.swift; sourceTree = "<group>"; };
		375B9C0D1F22F4C000230FF7 /* FieldSurveyTableViewCell.swift */ = {isa = PBXFileReference; fileEncoding = 4; lastKnownFileType = sourcecode.swift; path = FieldSurveyTableViewCell.swift; sourceTree = "<group>"; };
/* End PBXFileReference section */

/* Begin PBXFrameworksBuildPhase section */
		372DA1421F22DF200080DB4F /* Frameworks */ = {
			isa = PBXFrameworksBuildPhase;
			buildActionMask = 2147483647;
			files = (
			);
			runOnlyForDeploymentPostprocessing = 0;
		};
/* End PBXFrameworksBuildPhase section */

/* Begin PBXGroup section */
		372DA13C1F22DF200080DB4F = {
			isa = PBXGroup;
			children = (
				372DA1471F22DF200080DB4F /* Field Survey */,
				372DA1461F22DF200080DB4F /* Products */,
			);
			sourceTree = "<group>";
		};
		372DA1461F22DF200080DB4F /* Products */ = {
			isa = PBXGroup;
			children = (
				372DA1451F22DF200080DB4F /* Field Survey.app */,
			);
			name = Products;
			sourceTree = "<group>";
		};
		372DA1471F22DF200080DB4F /* Field Survey */ = {
			isa = PBXGroup;
			children = (
				372DA15A1F22E0CB0080DB4F /* Model */,
				372DA1481F22DF200080DB4F /* AppDelegate.swift */,
				372DA14C1F22DF200080DB4F /* Main.storyboard */,
				372DA14F1F22DF200080DB4F /* Assets.xcassets */,
				372DA1511F22DF200080DB4F /* LaunchScreen.storyboard */,
				372DA1541F22DF200080DB4F /* Info.plist */,
				375B9C091F22EBB500230FF7 /* FieldSurveyViewController.swift */,
				375B9C0B1F22EBF400230FF7 /* FieldSurveyDetailViewController.swift */,
				375B9C0D1F22F4C000230FF7 /* FieldSurveyTableViewCell.swift */,
			);
			path = "Field Survey";
			sourceTree = "<group>";
		};
		372DA15A1F22E0CB0080DB4F /* Model */ = {
			isa = PBXGroup;
			children = (
				372DA15D1F22E1A00080DB4F /* field_observations.json */,
				372DA15F1F22E2180080DB4F /* Classification.swift */,
				372DA1611F22E39A0080DB4F /* FieldSurvey.swift */,
				372DA1631F22E5720080DB4F /* FieldSurveyJSONParser.swift */,
				372DA1651F22E8F80080DB4F /* FieldSurveyJSONLoader.swift */,
			);
			path = Model;
			sourceTree = "<group>";
		};
/* End PBXGroup section */

/* Begin PBXNativeTarget section */
		372DA1441F22DF200080DB4F /* Field Survey */ = {
			isa = PBXNativeTarget;
			buildConfigurationList = 372DA1571F22DF200080DB4F /* Build configuration list for PBXNativeTarget "Field Survey" */;
			buildPhases = (
				372DA1411F22DF200080DB4F /* Sources */,
				372DA1421F22DF200080DB4F /* Frameworks */,
				372DA1431F22DF200080DB4F /* Resources */,
			);
			buildRules = (
			);
			dependencies = (
			);
			name = "Field Survey";
			productName = "Field Survey";
			productReference = 372DA1451F22DF200080DB4F /* Field Survey.app */;
			productType = "com.apple.product-type.application";
		};
/* End PBXNativeTarget section */

/* Begin PBXProject section */
		372DA13D1F22DF200080DB4F /* Project object */ = {
			isa = PBXProject;
			attributes = {
				LastSwiftUpdateCheck = 0830;
				LastUpgradeCheck = 0830;
				ORGANIZATIONNAME = "Shaowei Zhou";
				TargetAttributes = {
					372DA1441F22DF200080DB4F = {
						CreatedOnToolsVersion = 8.3.1;
						DevelopmentTeam = 5ANFD2472E;
						ProvisioningStyle = Automatic;
					};
				};
			};
			buildConfigurationList = 372DA1401F22DF200080DB4F /* Build configuration list for PBXProject "Field Survey" */;
			compatibilityVersion = "Xcode 3.2";
			developmentRegion = English;
			hasScannedForEncodings = 0;
			knownRegions = (
				en,
				Base,
			);
			mainGroup = 372DA13C1F22DF200080DB4F;
			productRefGroup = 372DA1461F22DF200080DB4F /* Products */;
			projectDirPath = "";
			projectRoot = "";
			targets = (
				372DA1441F22DF200080DB4F /* Field Survey */,
			);
		};
/* End PBXProject section */

/* Begin PBXResourcesBuildPhase section */
		372DA1431F22DF200080DB4F /* Resources */ = {
			isa = PBXResourcesBuildPhase;
			buildActionMask = 2147483647;
			files = (
				372DA1531F22DF200080DB4F /* LaunchScreen.storyboard in Resources */,
				372DA15E1F22E1A00080DB4F /* field_observations.json in Resources */,
				372DA1501F22DF200080DB4F /* Assets.xcassets in Resources */,
				372DA14E1F22DF200080DB4F /* Main.storyboard in Resources */,
			);
			runOnlyForDeploymentPostprocessing = 0;
		};
/* End PBXResourcesBuildPhase section */

/* Begin PBXSourcesBuildPhase section */
		372DA1411F22DF200080DB4F /* Sources */ = {
			isa = PBXSourcesBuildPhase;
			buildActionMask = 2147483647;
			files = (
				372DA1491F22DF200080DB4F /* AppDelegate.swift in Sources */,
				372DA1601F22E2180080DB4F /* Classification.swift in Sources */,
				372DA1621F22E39A0080DB4F /* FieldSurvey.swift in Sources */,
				375B9C0C1F22EBF400230FF7 /* FieldSurveyDetailViewController.swift in Sources */,
				375B9C0A1F22EBB500230FF7 /* FieldSurveyViewController.swift in Sources */,
				372DA1661F22E8F80080DB4F /* FieldSurveyJSONLoader.swift in Sources */,
				375B9C0E1F22F4C000230FF7 /* FieldSurveyTableViewCell.swift in Sources */,
				372DA1641F22E5720080DB4F /* FieldSurveyJSONParser.swift in Sources */,
			);
			runOnlyForDeploymentPostprocessing = 0;
		};
/* End PBXSourcesBuildPhase section */

/* Begin PBXVariantGroup section */
		372DA14C1F22DF200080DB4F /* Main.storyboard */ = {
			isa = PBXVariantGroup;
			children = (
				372DA14D1F22DF200080DB4F /* Base */,
			);
			name = Main.storyboard;
			sourceTree = "<group>";
		};
		372DA1511F22DF200080DB4F /* LaunchScreen.storyboard */ = {
			isa = PBXVariantGroup;
			children = (
				372DA1521F22DF200080DB4F /* Base */,
			);
			name = LaunchScreen.storyboard;
			sourceTree = "<group>";
		};
/* End PBXVariantGroup section */

/* Begin XCBuildConfiguration section */
		372DA1551F22DF200080DB4F /* Debug */ = {
			isa = XCBuildConfiguration;
			buildSettings = {
				ALWAYS_SEARCH_USER_PATHS = NO;
				CLANG_ANALYZER_NONNULL = YES;
				CLANG_ANALYZER_NUMBER_OBJECT_CONVERSION = YES_AGGRESSIVE;
				CLANG_CXX_LANGUAGE_STANDARD = "gnu++0x";
				CLANG_CXX_LIBRARY = "libc++";
				CLANG_ENABLE_MODULES = YES;
				CLANG_ENABLE_OBJC_ARC = YES;
				CLANG_WARN_BOOL_CONVERSION = YES;
				CLANG_WARN_CONSTANT_CONVERSION = YES;
				CLANG_WARN_DIRECT_OBJC_ISA_USAGE = YES_ERROR;
				CLANG_WARN_DOCUMENTATION_COMMENTS = YES;
				CLANG_WARN_EMPTY_BODY = YES;
				CLANG_WARN_ENUM_CONVERSION = YES;
				CLANG_WARN_INFINITE_RECURSION = YES;
				CLANG_WARN_INT_CONVERSION = YES;
				CLANG_WARN_OBJC_ROOT_CLASS = YES_ERROR;
				CLANG_WARN_SUSPICIOUS_MOVE = YES;
				CLANG_WARN_UNREACHABLE_CODE = YES;
				CLANG_WARN__DUPLICATE_METHOD_MATCH = YES;
				"CODE_SIGN_IDENTITY[sdk=iphoneos*]" = "iPhone Developer";
				COPY_PHASE_STRIP = NO;
				DEBUG_INFORMATION_FORMAT = dwarf;
				ENABLE_STRICT_OBJC_MSGSEND = YES;
				ENABLE_TESTABILITY = YES;
				GCC_C_LANGUAGE_STANDARD = gnu99;
				GCC_DYNAMIC_NO_PIC = NO;
				GCC_NO_COMMON_BLOCKS = YES;
				GCC_OPTIMIZATION_LEVEL = 0;
				GCC_PREPROCESSOR_DEFINITIONS = (
					"DEBUG=1",
					"$(inherited)",
				);
				GCC_WARN_64_TO_32_BIT_CONVERSION = YES;
				GCC_WARN_ABOUT_RETURN_TYPE = YES_ERROR;
				GCC_WARN_UNDECLARED_SELECTOR = YES;
				GCC_WARN_UNINITIALIZED_AUTOS = YES_AGGRESSIVE;
				GCC_WARN_UNUSED_FUNCTION = YES;
				GCC_WARN_UNUSED_VARIABLE = YES;
				IPHONEOS_DEPLOYMENT_TARGET = 10.3;
				MTL_ENABLE_DEBUG_INFO = YES;
				ONLY_ACTIVE_ARCH = YES;
				SDKROOT = iphoneos;
				SWIFT_ACTIVE_COMPILATION_CONDITIONS = DEBUG;
				SWIFT_OPTIMIZATION_LEVEL = "-Onone";
				TARGETED_DEVICE_FAMILY = "1,2";
			};
			name = Debug;
		};
		372DA1561F22DF200080DB4F /* Release */ = {
			isa = XCBuildConfiguration;
			buildSettings = {
				ALWAYS_SEARCH_USER_PATHS = NO;
				CLANG_ANALYZER_NONNULL = YES;
				CLANG_ANALYZER_NUMBER_OBJECT_CONVERSION = YES_AGGRESSIVE;
				CLANG_CXX_LANGUAGE_STANDARD = "gnu++0x";
				CLANG_CXX_LIBRARY = "libc++";
				CLANG_ENABLE_MODULES = YES;
				CLANG_ENABLE_OBJC_ARC = YES;
				CLANG_WARN_BOOL_CONVERSION = YES;
				CLANG_WARN_CONSTANT_CONVERSION = YES;
				CLANG_WARN_DIRECT_OBJC_ISA_USAGE = YES_ERROR;
				CLANG_WARN_DOCUMENTATION_COMMENTS = YES;
				CLANG_WARN_EMPTY_BODY = YES;
				CLANG_WARN_ENUM_CONVERSION = YES;
				CLANG_WARN_INFINITE_RECURSION = YES;
				CLANG_WARN_INT_CONVERSION = YES;
				CLANG_WARN_OBJC_ROOT_CLASS = YES_ERROR;
				CLANG_WARN_SUSPICIOUS_MOVE = YES;
				CLANG_WARN_UNREACHABLE_CODE = YES;
				CLANG_WARN__DUPLICATE_METHOD_MATCH = YES;
				"CODE_SIGN_IDENTITY[sdk=iphoneos*]" = "iPhone Developer";
				COPY_PHASE_STRIP = NO;
				DEBUG_INFORMATION_FORMAT = "dwarf-with-dsym";
				ENABLE_NS_ASSERTIONS = NO;
				ENABLE_STRICT_OBJC_MSGSEND = YES;
				GCC_C_LANGUAGE_STANDARD = gnu99;
				GCC_NO_COMMON_BLOCKS = YES;
				GCC_WARN_64_TO_32_BIT_CONVERSION = YES;
				GCC_WARN_ABOUT_RETURN_TYPE = YES_ERROR;
				GCC_WARN_UNDECLARED_SELECTOR = YES;
				GCC_WARN_UNINITIALIZED_AUTOS = YES_AGGRESSIVE;
				GCC_WARN_UNUSED_FUNCTION = YES;
				GCC_WARN_UNUSED_VARIABLE = YES;
				IPHONEOS_DEPLOYMENT_TARGET = 10.3;
				MTL_ENABLE_DEBUG_INFO = NO;
				SDKROOT = iphoneos;
				SWIFT_OPTIMIZATION_LEVEL = "-Owholemodule";
				TARGETED_DEVICE_FAMILY = "1,2";
				VALIDATE_PRODUCT = YES;
			};
			name = Release;
		};
		372DA1581F22DF200080DB4F /* Debug */ = {
			isa = XCBuildConfiguration;
			buildSettings = {
				ASSETCATALOG_COMPILER_APPICON_NAME = AppIcon;
				DEVELOPMENT_TEAM = 5ANFD2472E;
				INFOPLIST_FILE = "Field Survey/Info.plist";
				LD_RUNPATH_SEARCH_PATHS = "$(inherited) @executable_path/Frameworks";
				PRODUCT_BUNDLE_IDENTIFIER = "edu.missouri.Field-Survey";
				PRODUCT_NAME = "$(TARGET_NAME)";
				SWIFT_VERSION = 3.0;
			};
			name = Debug;
		};
		372DA1591F22DF200080DB4F /* Release */ = {
			isa = XCBuildConfiguration;
			buildSettings = {
				ASSETCATALOG_COMPILER_APPICON_NAME = AppIcon;
				DEVELOPMENT_TEAM = 5ANFD2472E;
				INFOPLIST_FILE = "Field Survey/Info.plist";
				LD_RUNPATH_SEARCH_PATHS = "$(inherited) @executable_path/Frameworks";
				PRODUCT_BUNDLE_IDENTIFIER = "edu.missouri.Field-Survey";
				PRODUCT_NAME = "$(TARGET_NAME)";
				SWIFT_VERSION = 3.0;
			};
			name = Release;
		};
/* End XCBuildConfiguration section */

/* Begin XCConfigurationList section */
		372DA1401F22DF200080DB4F /* Build configuration list for PBXProject "Field Survey" */ = {
			isa = XCConfigurationList;
			buildConfigurations = (
				372DA1551F22DF200080DB4F /* Debug */,
				372DA1561F22DF200080DB4F /* Release */,
			);
			defaultConfigurationIsVisible = 0;
			defaultConfigurationName = Release;
		};
		372DA1571F22DF200080DB4F /* Build configuration list for PBXNativeTarget "Field Survey" */ = {
			isa = XCConfigurationList;
			buildConfigurations = (
				372DA1581F22DF200080DB4F /* Debug */,
				372DA1591F22DF200080DB4F /* Release */,
			);
			defaultConfigurationIsVisible = 0;
			defaultConfigurationName = Release;
		};
/* End XCConfigurationList section */
	};
	rootObject = 372DA13D1F22DF200080DB4F /* Project object */;
}
